
Microsoft Visual Studio Solution File, Format Version 12.00
# Visual Studio Version 16
VisualStudioVersion = 16.0.30611.23
MinimumVisualStudioVersion = 10.0.40219.1
Project("{FAE04EC0-301F-11D3-BF4B-00C04F79EFBC}") = "geektrust", "geektrust.csproj", "{44A3F2BE-8C71-4995-80AA-77B63EB8F591}"
EndProject
Global
	GlobalSection(SolutionConfigurationPlatforms) = preSolution
		Debug|Any CPU = Debug|Any CPU
		Release|Any CPU = Release|Any CPU
	EndGlobalSection
	GlobalSection(ProjectConfigurationPlatforms) = postSolution
		{44A3F2BE-8C71-4995-80AA-77B63EB8F591}.Debug|Any CPU.ActiveCfg = Debug|Any CPU
		{44A3F2BE-8C71-4995-80AA-77B63EB8F591}.Debug|Any CPU.Build.0 = Debug|Any CPU
		{44A3F2BE-8C71-4995-80AA-77B63EB8F591}.Release|Any CPU.ActiveCfg = Release|Any CPU
		{44A3F2BE-8C71-4995-80AA-77B63EB8F591}.Release|Any CPU.Build.0 = Release|Any CPU
	EndGlobalSection
	GlobalSection(SolutionProperties) = preSolution
		HideSolutionNode = FALSE
	EndGlobalSection
	GlobalSection(ExtensibilityGlobals) = postSolution
		SolutionGuid = {97CBC18F-6781-46FE-BED6-D9DC13A3584B}
	EndGlobalSection
EndGlobal
